
Microsoft Visual Studio Solution File, Format Version 12.00
# Visual Studio Version 17
Project("{2150E333-8FDC-42A3-9474-1A3956D46DE8}") = "CMakePredefinedTargets", "CMakePredefinedTargets", "{D226DDE9-C8A0-3DEC-8187-76A3DE3FAC8D}"
EndProject
Project("{8BC9CEB8-8B4A-11D0-8D11-00A0C91BC942}") = "CSC8503", "CSC8503\CSC8503.vcxproj", "{7804771B-2F2D-3584-8F48-A9761CAA3631}"
	ProjectSection(ProjectDependencies) = postProject
		{B387192A-45D1-30CF-9C1B-12633D369C45} = {B387192A-45D1-30CF-9C1B-12633D369C45}
		{2B9227A6-A670-3DC9-B4A1-82C2215DABD8} = {2B9227A6-A670-3DC9-B4A1-82C2215DABD8}
		{45863241-FCB3-3DB8-AD41-6C6B277AD19A} = {45863241-FCB3-3DB8-AD41-6C6B277AD19A}
		{64E6A60C-16DC-38A0-B07F-F8F307AB5AF5} = {64E6A60C-16DC-38A0-B07F-F8F307AB5AF5}
	EndProjectSection
EndProject
Project("{8BC9CEB8-8B4A-11D0-8D11-00A0C91BC942}") = "ALL_BUILD", "ALL_BUILD.vcxproj", "{5EFB164D-177E-324E-BE95-0F16BE1594F5}"
	ProjectSection(ProjectDependencies) = postProject
		{7804771B-2F2D-3584-8F48-A9761CAA3631} = {7804771B-2F2D-3584-8F48-A9761CAA3631}
		{B387192A-45D1-30CF-9C1B-12633D369C45} = {B387192A-45D1-30CF-9C1B-12633D369C45}
		{2B9227A6-A670-3DC9-B4A1-82C2215DABD8} = {2B9227A6-A670-3DC9-B4A1-82C2215DABD8}
		{45863241-FCB3-3DB8-AD41-6C6B277AD19A} = {45863241-FCB3-3DB8-AD41-6C6B277AD19A}
		{64E6A60C-16DC-38A0-B07F-F8F307AB5AF5} = {64E6A60C-16DC-38A0-B07F-F8F307AB5AF5}
	EndProjectSection
EndProject
Project("{8BC9CEB8-8B4A-11D0-8D11-00A0C91BC942}") = "CSC8503CoreClasses", "CSC8503CoreClasses\CSC8503CoreClasses.vcxproj", "{B387192A-45D1-30CF-9C1B-12633D369C45}"
	ProjectSection(ProjectDependencies) = postProject
		{64E6A60C-16DC-38A0-B07F-F8F307AB5AF5} = {64E6A60C-16DC-38A0-B07F-F8F307AB5AF5}
	EndProjectSection
EndProject
Project("{8BC9CEB8-8B4A-11D0-8D11-00A0C91BC942}") = "NCLCoreClasses", "NCLCoreClasses\NCLCoreClasses.vcxproj", "{2B9227A6-A670-3DC9-B4A1-82C2215DABD8}"
	ProjectSection(ProjectDependencies) = postProject
		{64E6A60C-16DC-38A0-B07F-F8F307AB5AF5} = {64E6A60C-16DC-38A0-B07F-F8F307AB5AF5}
	EndProjectSection
EndProject
Project("{8BC9CEB8-8B4A-11D0-8D11-00A0C91BC942}") = "OpenGLRendering", "OpenGLRendering\OpenGLRendering.vcxproj", "{45863241-FCB3-3DB8-AD41-6C6B277AD19A}"
	ProjectSection(ProjectDependencies) = postProject
		{2B9227A6-A670-3DC9-B4A1-82C2215DABD8} = {2B9227A6-A670-3DC9-B4A1-82C2215DABD8}
		{64E6A60C-16DC-38A0-B07F-F8F307AB5AF5} = {64E6A60C-16DC-38A0-B07F-F8F307AB5AF5}
	EndProjectSection
EndProject
Project("{8BC9CEB8-8B4A-11D0-8D11-00A0C91BC942}") = "ZERO_CHECK", "ZERO_CHECK.vcxproj", "{64E6A60C-16DC-38A0-B07F-F8F307AB5AF5}"
	ProjectSection(ProjectDependencies) = postProject
	EndProjectSection
EndProject
Global
	GlobalSection(SolutionConfigurationPlatforms) = preSolution
		Debug|x64 = Debug|x64
		Release|x64 = Release|x64
	EndGlobalSection
	GlobalSection(ProjectConfigurationPlatforms) = postSolution
		{7804771B-2F2D-3584-8F48-A9761CAA3631}.Debug|x64.ActiveCfg = Debug|x64
		{7804771B-2F2D-3584-8F48-A9761CAA3631}.Debug|x64.Build.0 = Debug|x64
		{7804771B-2F2D-3584-8F48-A9761CAA3631}.Release|x64.ActiveCfg = Release|x64
		{7804771B-2F2D-3584-8F48-A9761CAA3631}.Release|x64.Build.0 = Release|x64
		{5EFB164D-177E-324E-BE95-0F16BE1594F5}.Debug|x64.ActiveCfg = Debug|x64
		{5EFB164D-177E-324E-BE95-0F16BE1594F5}.Release|x64.ActiveCfg = Release|x64
		{B387192A-45D1-30CF-9C1B-12633D369C45}.Debug|x64.ActiveCfg = Debug|x64
		{B387192A-45D1-30CF-9C1B-12633D369C45}.Debug|x64.Build.0 = Debug|x64
		{B387192A-45D1-30CF-9C1B-12633D369C45}.Release|x64.ActiveCfg = Release|x64
		{B387192A-45D1-30CF-9C1B-12633D369C45}.Release|x64.Build.0 = Release|x64
		{2B9227A6-A670-3DC9-B4A1-82C2215DABD8}.Debug|x64.ActiveCfg = Debug|x64
		{2B9227A6-A670-3DC9-B4A1-82C2215DABD8}.Debug|x64.Build.0 = Debug|x64
		{2B9227A6-A670-3DC9-B4A1-82C2215DABD8}.Release|x64.ActiveCfg = Release|x64
		{2B9227A6-A670-3DC9-B4A1-82C2215DABD8}.Release|x64.Build.0 = Release|x64
		{45863241-FCB3-3DB8-AD41-6C6B277AD19A}.Debug|x64.ActiveCfg = Debug|x64
		{45863241-FCB3-3DB8-AD41-6C6B277AD19A}.Debug|x64.Build.0 = Debug|x64
		{45863241-FCB3-3DB8-AD41-6C6B277AD19A}.Release|x64.ActiveCfg = Release|x64
		{45863241-FCB3-3DB8-AD41-6C6B277AD19A}.Release|x64.Build.0 = Release|x64
		{64E6A60C-16DC-38A0-B07F-F8F307AB5AF5}.Debug|x64.ActiveCfg = Debug|x64
		{64E6A60C-16DC-38A0-B07F-F8F307AB5AF5}.Debug|x64.Build.0 = Debug|x64
		{64E6A60C-16DC-38A0-B07F-F8F307AB5AF5}.Release|x64.ActiveCfg = Release|x64
		{64E6A60C-16DC-38A0-B07F-F8F307AB5AF5}.Release|x64.Build.0 = Release|x64
	EndGlobalSection
	GlobalSection(NestedProjects) = preSolution
		{5EFB164D-177E-324E-BE95-0F16BE1594F5} = {D226DDE9-C8A0-3DEC-8187-76A3DE3FAC8D}
		{64E6A60C-16DC-38A0-B07F-F8F307AB5AF5} = {D226DDE9-C8A0-3DEC-8187-76A3DE3FAC8D}
	EndGlobalSection
	GlobalSection(ExtensibilityGlobals) = postSolution
		SolutionGuid = {5A22D5D2-8C6B-34E1-8BA1-902697708639}
	EndGlobalSection
	GlobalSection(ExtensibilityAddIns) = postSolution
	EndGlobalSection
EndGlobal
