<?xml version="1.0" encoding="utf-8"?>
<Project ToolsVersion="17.0" xmlns="http://schemas.microsoft.com/developer/msbuild/2003">
  <ItemGroup>
    <CustomBuild Include="C:\Users\wjoe5\OneDrive\Desktop\School\CSC8503\CMakeFiles\29e7559d1313cd385b860b9cdc8c94ad\generate.stamp.rule">
      <Filter>CMake Rules</Filter>
    </CustomBuild>
  </ItemGroup>
  <ItemGroup>
    <Filter Include="CMake Rules">
      <UniqueIdentifier>{3973C202-D3B6-310D-A848-2B9C46CD6AD4}</UniqueIdentifier>
    </Filter>
  </ItemGroup>
</Project>
